
Microsoft Visual Studio Solution File, Format Version 12.00
# Visual Studio 15
VisualStudioVersion = 15.0.28010.2048
MinimumVisualStudioVersion = 10.0.40219.1
Project("{8BC9CEB8-8B4A-11D0-8D11-00A0C91BC942}") = "MainConsole", "MainConsole\MainConsole.vcxproj", "{529150A0-F3F9-4522-9A59-6725DC51BE8C}"
EndProject
Project("{FAE04EC0-301F-11D3-BF4B-00C04F79EFBC}") = "WpfApp", "WpfApp\WpfApp.csproj", "{3F020BBC-438C-4EED-ADCB-14DDED3B31DB}"
EndProject
Global
	GlobalSection(SolutionConfigurationPlatforms) = preSolution
		Debug|Any CPU = Debug|Any CPU
		Debug|x64 = Debug|x64
		Debug|x86 = Debug|x86
		Release|Any CPU = Release|Any CPU
		Release|x64 = Release|x64
		Release|x86 = Release|x86
	EndGlobalSection
	GlobalSection(ProjectConfigurationPlatforms) = postSolution
		{529150A0-F3F9-4522-9A59-6725DC51BE8C}.Debug|Any CPU.ActiveCfg = Debug|Win32
		{529150A0-F3F9-4522-9A59-6725DC51BE8C}.Debug|x64.ActiveCfg = Debug|x64
		{529150A0-F3F9-4522-9A59-6725DC51BE8C}.Debug|x64.Build.0 = Debug|x64
		{529150A0-F3F9-4522-9A59-6725DC51BE8C}.Debug|x86.ActiveCfg = Debug|Win32
		{529150A0-F3F9-4522-9A59-6725DC51BE8C}.Debug|x86.Build.0 = Debug|Win32
		{529150A0-F3F9-4522-9A59-6725DC51BE8C}.Release|Any CPU.ActiveCfg = Release|Win32
		{529150A0-F3F9-4522-9A59-6725DC51BE8C}.Release|x64.ActiveCfg = Release|x64
		{529150A0-F3F9-4522-9A59-6725DC51BE8C}.Release|x64.Build.0 = Release|x64
		{529150A0-F3F9-4522-9A59-6725DC51BE8C}.Release|x86.ActiveCfg = Release|Win32
		{529150A0-F3F9-4522-9A59-6725DC51BE8C}.Release|x86.Build.0 = Release|Win32
		{3F020BBC-438C-4EED-ADCB-14DDED3B31DB}.Debug|Any CPU.ActiveCfg = Debug|Any CPU
		{3F020BBC-438C-4EED-ADCB-14DDED3B31DB}.Debug|Any CPU.Build.0 = Debug|Any CPU
		{3F020BBC-438C-4EED-ADCB-14DDED3B31DB}.Debug|x64.ActiveCfg = Debug|Any CPU
		{3F020BBC-438C-4EED-ADCB-14DDED3B31DB}.Debug|x64.Build.0 = Debug|Any CPU
		{3F020BBC-438C-4EED-ADCB-14DDED3B31DB}.Debug|x86.ActiveCfg = Debug|Any CPU
		{3F020BBC-438C-4EED-ADCB-14DDED3B31DB}.Debug|x86.Build.0 = Debug|Any CPU
		{3F020BBC-438C-4EED-ADCB-14DDED3B31DB}.Release|Any CPU.ActiveCfg = Release|Any CPU
		{3F020BBC-438C-4EED-ADCB-14DDED3B31DB}.Release|Any CPU.Build.0 = Release|Any CPU
		{3F020BBC-438C-4EED-ADCB-14DDED3B31DB}.Release|x64.ActiveCfg = Release|Any CPU
		{3F020BBC-438C-4EED-ADCB-14DDED3B31DB}.Release|x64.Build.0 = Release|Any CPU
		{3F020BBC-438C-4EED-ADCB-14DDED3B31DB}.Release|x86.ActiveCfg = Release|Any CPU
		{3F020BBC-438C-4EED-ADCB-14DDED3B31DB}.Release|x86.Build.0 = Release|Any CPU
	EndGlobalSection
	GlobalSection(SolutionProperties) = preSolution
		HideSolutionNode = FALSE
	EndGlobalSection
	GlobalSection(ExtensibilityGlobals) = postSolution
		SolutionGuid = {2B05F48E-BF26-4136-8117-406CAB425340}
	EndGlobalSection
EndGlobal
